
Microsoft Visual Studio Solution File, Format Version 12.00
# Visual Studio Version 16
VisualStudioVersion = 16.0.30907.101
MinimumVisualStudioVersion = 10.0.40219.1
Project("{FAE04EC0-301F-11D3-BF4B-00C04F79EFBC}") = "DiceGamePrototype", "DiceGamePrototype\DiceGamePrototype.csproj", "{94084235-C5F6-4A5A-9602-D14D8B69E953}"
EndProject
Global
	GlobalSection(SolutionConfigurationPlatforms) = preSolution
		Debug|Any CPU = Debug|Any CPU
		Release|Any CPU = Release|Any CPU
	EndGlobalSection
	GlobalSection(ProjectConfigurationPlatforms) = postSolution
		{94084235-C5F6-4A5A-9602-D14D8B69E953}.Debug|Any CPU.ActiveCfg = Debug|Any CPU
		{94084235-C5F6-4A5A-9602-D14D8B69E953}.Debug|Any CPU.Build.0 = Debug|Any CPU
		{94084235-C5F6-4A5A-9602-D14D8B69E953}.Release|Any CPU.ActiveCfg = Release|Any CPU
		{94084235-C5F6-4A5A-9602-D14D8B69E953}.Release|Any CPU.Build.0 = Release|Any CPU
	EndGlobalSection
	GlobalSection(SolutionProperties) = preSolution
		HideSolutionNode = FALSE
	EndGlobalSection
	GlobalSection(ExtensibilityGlobals) = postSolution
		SolutionGuid = {F27D2047-3E09-4ECF-A628-80A4269E4B0C}
	EndGlobalSection
EndGlobal
